
Microsoft Visual Studio Solution File, Format Version 12.00
# Visual Studio Version 16
VisualStudioVersion = 16.0.33214.272
MinimumVisualStudioVersion = 10.0.40219.1
Project("{FAE04EC0-301F-11D3-BF4B-00C04F79EFBC}") = "ej_2", "ej_2.csproj", "{22557319-F831-44ED-B4A9-A425CEA9A42D}"
EndProject
Global
	GlobalSection(SolutionConfigurationPlatforms) = preSolution
		Debug|Any CPU = Debug|Any CPU
		Release|Any CPU = Release|Any CPU
	EndGlobalSection
	GlobalSection(ProjectConfigurationPlatforms) = postSolution
		{22557319-F831-44ED-B4A9-A425CEA9A42D}.Debug|Any CPU.ActiveCfg = Debug|Any CPU
		{22557319-F831-44ED-B4A9-A425CEA9A42D}.Debug|Any CPU.Build.0 = Debug|Any CPU
		{22557319-F831-44ED-B4A9-A425CEA9A42D}.Release|Any CPU.ActiveCfg = Release|Any CPU
		{22557319-F831-44ED-B4A9-A425CEA9A42D}.Release|Any CPU.Build.0 = Release|Any CPU
	EndGlobalSection
	GlobalSection(SolutionProperties) = preSolution
		HideSolutionNode = FALSE
	EndGlobalSection
	GlobalSection(ExtensibilityGlobals) = postSolution
		SolutionGuid = {14F1A1C3-7BB3-4845-8C1B-70DEA39E4AF0}
	EndGlobalSection
EndGlobal
